[root]
name = "gred"
version = "0.1.0"
dependencies = [
 "ordermap 0.2.10 (registry+https://github.com/rust-lang/crates.io-index)",
]

[[package]]
name = "ordermap"
version = "0.2.10"
source = "registry+https://github.com/rust-lang/crates.io-index"

[metadata]
"checksum ordermap 0.2.10 (registry+https://github.com/rust-lang/crates.io-index)" = "c036a53e6bb62d7eee2edf7e087df56fd84c7bbae6a0bd93c2b9f54bddf62e03"
